// !$*UTF8*$!
{
	archiveVersion = 1;
	classes = {
	};
	objectVersion = 46;
	objects = {

/* Begin PBXBuildFile section */
		0E136B691C19EC660070C958 /* CollectionCardViewController.m in Sources */ = {isa = PBXBuildFile; fileRef = 0E136B5E1C19EC660070C958 /* CollectionCardViewController.m */; };
		0E136B6A1C19EC660070C958 /* ColorCollectionCell.m in Sources */ = {isa = PBXBuildFile; fileRef = 0E136B601C19EC660070C958 /* ColorCollectionCell.m */; };
		0E136B6B1C19EC660070C958 /* ColorCollectionCell.xib in Resources */ = {isa = PBXBuildFile; fileRef = 0E136B611C19EC660070C958 /* ColorCollectionCell.xib */; };
		0E136B6D1C19EC660070C958 /* SwipableCardCollectionLayout.m in Sources */ = {isa = PBXBuildFile; fileRef = 0E136B651C19EC660070C958 /* SwipableCardCollectionLayout.m */; };
		0E136B6E1C19EC660070C958 /* UIColor+PiRandomColor.m in Sources */ = {isa = PBXBuildFile; fileRef = 0E136B671C19EC660070C958 /* UIColor+PiRandomColor.m */; };
		0E22780A1C245698003E3547 /* SVIndefiniteAnimatedView.m in Sources */ = {isa = PBXBuildFile; fileRef = 0E2278031C245698003E3547 /* SVIndefiniteAnimatedView.m */; };
		0E22780B1C245698003E3547 /* SVProgressHUD.bundle in Resources */ = {isa = PBXBuildFile; fileRef = 0E2278051C245698003E3547 /* SVProgressHUD.bundle */; };
		0E22780C1C245698003E3547 /* SVProgressHUD.m in Sources */ = {isa = PBXBuildFile; fileRef = 0E2278071C245698003E3547 /* SVProgressHUD.m */; };
		0E22780D1C245698003E3547 /* SVRadialGradientLayer.m in Sources */ = {isa = PBXBuildFile; fileRef = 0E2278091C245698003E3547 /* SVRadialGradientLayer.m */; };
		0E22780F1C24579D003E3547 /* prize.plist in Resources */ = {isa = PBXBuildFile; fileRef = 0E22780E1C24579D003E3547 /* prize.plist */; };
		0E2BAF551C2971670030F731 /* Archivement.m in Sources */ = {isa = PBXBuildFile; fileRef = 0E2BAF541C2971670030F731 /* Archivement.m */; };
		0E35A5FB1C1C6A15003921A0 /* FontAwesome.ttf in Resources */ = {isa = PBXBuildFile; fileRef = 0E35A5FA1C1C6A14003921A0 /* FontAwesome.ttf */; };
		0E35A60C1C1C71FA003921A0 /* HandWrittingViewController.m in Sources */ = {isa = PBXBuildFile; fileRef = 0E35A6091C1C71FA003921A0 /* HandWrittingViewController.m */; };
		0E35A60D1C1C71FA003921A0 /* MagicTransitionSegue.m in Sources */ = {isa = PBXBuildFile; fileRef = 0E35A60B1C1C71FA003921A0 /* MagicTransitionSegue.m */; };
		0E35A6111C1C723C003921A0 /* MainViewController.m in Sources */ = {isa = PBXBuildFile; fileRef = 0E35A6101C1C723C003921A0 /* MainViewController.m */; };
		0E35A6281C1C7760003921A0 /* FAKFontAwesome.m in Sources */ = {isa = PBXBuildFile; fileRef = 0E35A6141C1C7760003921A0 /* FAKFontAwesome.m */; };
		0E35A6291C1C7760003921A0 /* FAKFoundationIcons.m in Sources */ = {isa = PBXBuildFile; fileRef = 0E35A6161C1C7760003921A0 /* FAKFoundationIcons.m */; };
		0E35A62A1C1C7760003921A0 /* FAKIcon.m in Sources */ = {isa = PBXBuildFile; fileRef = 0E35A6181C1C7760003921A0 /* FAKIcon.m */; };
		0E35A62B1C1C7760003921A0 /* FAKIonIcons.m in Sources */ = {isa = PBXBuildFile; fileRef = 0E35A61A1C1C7760003921A0 /* FAKIonIcons.m */; };
		0E35A62C1C1C7760003921A0 /* FAKMaterialIcons.m in Sources */ = {isa = PBXBuildFile; fileRef = 0E35A61C1C1C7760003921A0 /* FAKMaterialIcons.m */; };
		0E35A62D1C1C7760003921A0 /* FAKOcticons.m in Sources */ = {isa = PBXBuildFile; fileRef = 0E35A61E1C1C7760003921A0 /* FAKOcticons.m */; };
		0E35A62E1C1C7760003921A0 /* FAKZocial.m in Sources */ = {isa = PBXBuildFile; fileRef = 0E35A6201C1C7760003921A0 /* FAKZocial.m */; };
		0E35A62F1C1C7760003921A0 /* FontAwesome.otf in Resources */ = {isa = PBXBuildFile; fileRef = 0E35A6211C1C7760003921A0 /* FontAwesome.otf */; };
		0E35A6301C1C7760003921A0 /* foundation-icons.ttf in Resources */ = {isa = PBXBuildFile; fileRef = 0E35A6231C1C7760003921A0 /* foundation-icons.ttf */; };
		0E35A6311C1C7760003921A0 /* ionicons.ttf in Resources */ = {isa = PBXBuildFile; fileRef = 0E35A6241C1C7760003921A0 /* ionicons.ttf */; };
		0E35A6321C1C7760003921A0 /* Material-Design-Iconic-Font.ttf in Resources */ = {isa = PBXBuildFile; fileRef = 0E35A6251C1C7760003921A0 /* Material-Design-Iconic-Font.ttf */; };
		0E35A6331C1C7760003921A0 /* octicons.ttf in Resources */ = {isa = PBXBuildFile; fileRef = 0E35A6261C1C7760003921A0 /* octicons.ttf */; };
		0E35A6341C1C7760003921A0 /* zocial-regular-webfont.ttf in Resources */ = {isa = PBXBuildFile; fileRef = 0E35A6271C1C7760003921A0 /* zocial-regular-webfont.ttf */; };
		0E35A6381C1C7878003921A0 /* AboutMeTableController.m in Sources */ = {isa = PBXBuildFile; fileRef = 0E35A6371C1C7878003921A0 /* AboutMeTableController.m */; };
		0E35A63B1C1C7CFC003921A0 /* FontAwsomeImageHelper.m in Sources */ = {isa = PBXBuildFile; fileRef = 0E35A63A1C1C7CFC003921A0 /* FontAwsomeImageHelper.m */; };
		0E6D7E221C1B285100A5F43D /* AutoShowScrollToTopImg.m in Sources */ = {isa = PBXBuildFile; fileRef = 0E6D7E161C1B285100A5F43D /* AutoShowScrollToTopImg.m */; };
		0E6D7E231C1B285100A5F43D /* DateFormatter.m in Sources */ = {isa = PBXBuildFile; fileRef = 0E6D7E181C1B285100A5F43D /* DateFormatter.m */; };
		0E6D7E241C1B285100A5F43D /* Experience.m in Sources */ = {isa = PBXBuildFile; fileRef = 0E6D7E1A1C1B285100A5F43D /* Experience.m */; };
		0E6D7E251C1B285100A5F43D /* timeLine.plist in Resources */ = {isa = PBXBuildFile; fileRef = 0E6D7E1B1C1B285100A5F43D /* timeLine.plist */; };
		0E6D7E261C1B285100A5F43D /* TimeLineDotLineView.m in Sources */ = {isa = PBXBuildFile; fileRef = 0E6D7E1D1C1B285100A5F43D /* TimeLineDotLineView.m */; };
		0E6D7E271C1B285100A5F43D /* TimeLineTableViewCell.m in Sources */ = {isa = PBXBuildFile; fileRef = 0E6D7E1F1C1B285100A5F43D /* TimeLineTableViewCell.m */; };
		0E6D7E281C1B285100A5F43D /* TimeLineViewController.m in Sources */ = {isa = PBXBuildFile; fileRef = 0E6D7E211C1B285100A5F43D /* TimeLineViewController.m */; };
		0E6D7E3B1C1B297700A5F43D /* TimeLineHeaderCell.m in Sources */ = {isa = PBXBuildFile; fileRef = 0E6D7E3A1C1B297700A5F43D /* TimeLineHeaderCell.m */; };
		0E6D7E3F1C1B2D6600A5F43D /* TimeLine.storyboard in Resources */ = {isa = PBXBuildFile; fileRef = 0E6D7E3E1C1B2D6600A5F43D /* TimeLine.storyboard */; };
		0E6D7E511C1B2EA100A5F43D /* MagicAnimator.m in Sources */ = {isa = PBXBuildFile; fileRef = 0E6D7E421C1B2EA100A5F43D /* MagicAnimator.m */; };
		0E6D7E521C1B2EA100A5F43D /* ProgressLabel.m in Sources */ = {isa = PBXBuildFile; fileRef = 0E6D7E441C1B2EA100A5F43D /* ProgressLabel.m */; };
		0E6D7E531C1B2EA100A5F43D /* Skill.m in Sources */ = {isa = PBXBuildFile; fileRef = 0E6D7E461C1B2EA100A5F43D /* Skill.m */; };
		0E6D7E541C1B2EA100A5F43D /* SkillProgressView.m in Sources */ = {isa = PBXBuildFile; fileRef = 0E6D7E481C1B2EA100A5F43D /* SkillProgressView.m */; };
		0E6D7E551C1B2EA100A5F43D /* SkillProgressViewController.m in Sources */ = {isa = PBXBuildFile; fileRef = 0E6D7E4A1C1B2EA100A5F43D /* SkillProgressViewController.m */; };
		0E6D7E561C1B2EA100A5F43D /* SkillReveal.storyboard in Resources */ = {isa = PBXBuildFile; fileRef = 0E6D7E4B1C1B2EA100A5F43D /* SkillReveal.storyboard */; };
		0E6D7E571C1B2EA100A5F43D /* skills.plist in Resources */ = {isa = PBXBuildFile; fileRef = 0E6D7E4C1C1B2EA100A5F43D /* skills.plist */; };
		0E6D7E581C1B2EA100A5F43D /* SkillsViewController.m in Sources */ = {isa = PBXBuildFile; fileRef = 0E6D7E4E1C1B2EA100A5F43D /* SkillsViewController.m */; };
		0E6D7E591C1B2EA100A5F43D /* SkillView.m in Sources */ = {isa = PBXBuildFile; fileRef = 0E6D7E501C1B2EA100A5F43D /* SkillView.m */; };
		0E91F3411C2155010069E4E6 /* TTTAttributedLabel.m in Sources */ = {isa = PBXBuildFile; fileRef = 0E91F3401C2155010069E4E6 /* TTTAttributedLabel.m */; };
		0EA7A31B1C1D812700829442 /* Chameleon_.m in Sources */ = {isa = PBXBuildFile; fileRef = 0EA7A3021C1D812700829442 /* Chameleon_.m */; };
		0EA7A31C1C1D812700829442 /* ChameleonConstants.m in Sources */ = {isa = PBXBuildFile; fileRef = 0EA7A3041C1D812700829442 /* ChameleonConstants.m */; };
		0EA7A31D1C1D812700829442 /* NSArray+Chameleon.m in Sources */ = {isa = PBXBuildFile; fileRef = 0EA7A3081C1D812700829442 /* NSArray+Chameleon.m */; };
		0EA7A31E1C1D812700829442 /* UIAppearance+Swift.m in Sources */ = {isa = PBXBuildFile; fileRef = 0EA7A30A1C1D812700829442 /* UIAppearance+Swift.m */; };
		0EA7A31F1C1D812700829442 /* UIButton+Chameleon.m in Sources */ = {isa = PBXBuildFile; fileRef = 0EA7A30C1C1D812700829442 /* UIButton+Chameleon.m */; };
		0EA7A3201C1D812700829442 /* UIColor+Chameleon.m in Sources */ = {isa = PBXBuildFile; fileRef = 0EA7A30E1C1D812700829442 /* UIColor+Chameleon.m */; };
		0EA7A3211C1D812700829442 /* UIColor+ChameleonPrivate.m in Sources */ = {isa = PBXBuildFile; fileRef = 0EA7A3101C1D812700829442 /* UIColor+ChameleonPrivate.m */; };
		0EA7A3221C1D812700829442 /* UIImage+ChameleonPrivate.m in Sources */ = {isa = PBXBuildFile; fileRef = 0EA7A3121C1D812700829442 /* UIImage+ChameleonPrivate.m */; };
		0EA7A3231C1D812700829442 /* UILabel+Chameleon.m in Sources */ = {isa = PBXBuildFile; fileRef = 0EA7A3141C1D812700829442 /* UILabel+Chameleon.m */; };
		0EA7A3241C1D812700829442 /* UINavigationController+Chameleon.m in Sources */ = {isa = PBXBuildFile; fileRef = 0EA7A3161C1D812700829442 /* UINavigationController+Chameleon.m */; };
		0EA7A3251C1D812700829442 /* UIView+ChameleonPrivate.m in Sources */ = {isa = PBXBuildFile; fileRef = 0EA7A3181C1D812700829442 /* UIView+ChameleonPrivate.m */; };
		0EA7A3261C1D812700829442 /* UIViewController+Chameleon.m in Sources */ = {isa = PBXBuildFile; fileRef = 0EA7A31A1C1D812700829442 /* UIViewController+Chameleon.m */; };
		0EBF0AE81C18301C00C8CE70 /* Main.storyboard in Resources */ = {isa = PBXBuildFile; fileRef = 0EBF0AE61C18301C00C8CE70 /* Main.storyboard */; };
		0EBF0AEA1C18301C00C8CE70 /* Assets.xcassets in Resources */ = {isa = PBXBuildFile; fileRef = 0EBF0AE91C18301C00C8CE70 /* Assets.xcassets */; };
		0EBF0AED1C18301C00C8CE70 /* LaunchScreen.storyboard in Resources */ = {isa = PBXBuildFile; fileRef = 0EBF0AEB1C18301C00C8CE70 /* LaunchScreen.storyboard */; };
		0EBF0AF81C18301C00C8CE70 /* MyResumeTests.m in Sources */ = {isa = PBXBuildFile; fileRef = 0EBF0AF71C18301C00C8CE70 /* MyResumeTests.m */; };
		0EBF0B031C18301D00C8CE70 /* MyResumeUITests.m in Sources */ = {isa = PBXBuildFile; fileRef = 0EBF0B021C18301D00C8CE70 /* MyResumeUITests.m */; };
		0EBF0B221C1830D500C8CE70 /* TextPathHelper.m in Sources */ = {isa = PBXBuildFile; fileRef = 0EBF0B181C1830D500C8CE70 /* TextPathHelper.m */; };
		0EBF0B231C1830D500C8CE70 /* UIImage+ImageEffects.m in Sources */ = {isa = PBXBuildFile; fileRef = 0EBF0B1A1C1830D500C8CE70 /* UIImage+ImageEffects.m */; };
		0EBF0B251C1830D500C8CE70 /* AppDelegate.m in Sources */ = {isa = PBXBuildFile; fileRef = 0EBF0B201C1830D500C8CE70 /* AppDelegate.m */; };
		0EBF0B261C1830D500C8CE70 /* main.m in Sources */ = {isa = PBXBuildFile; fileRef = 0EBF0B211C1830D500C8CE70 /* main.m */; };
/* End PBXBuildFile section */

/* Begin PBXContainerItemProxy section */
		0EBF0AF41C18301C00C8CE70 /* PBXContainerItemProxy */ = {
			isa = PBXContainerItemProxy;
			containerPortal = 0EBF0AD21C18301C00C8CE70 /* Project object */;
			proxyType = 1;
			remoteGlobalIDString = 0EBF0AD91C18301C00C8CE70;
			remoteInfo = MyResume;
		};
		0EBF0AFF1C18301D00C8CE70 /* PBXContainerItemProxy */ = {
			isa = PBXContainerItemProxy;
			containerPortal = 0EBF0AD21C18301C00C8CE70 /* Project object */;
			proxyType = 1;
			remoteGlobalIDString = 0EBF0AD91C18301C00C8CE70;
			remoteInfo = MyResume;
		};
/* End PBXContainerItemProxy section */

/* Begin PBXFileReference section */
		0E136B5D1C19EC660070C958 /* CollectionCardViewController.h */ = {isa = PBXFileReference; fileEncoding = 4; lastKnownFileType = sourcecode.c.h; path = CollectionCardViewController.h; sourceTree = "<group>"; };
		0E136B5E1C19EC660070C958 /* CollectionCardViewController.m */ = {isa = PBXFileReference; fileEncoding = 4; lastKnownFileType = sourcecode.c.objc; path = CollectionCardViewController.m; sourceTree = "<group>"; };
		0E136B5F1C19EC660070C958 /* ColorCollectionCell.h */ = {isa = PBXFileReference; fileEncoding = 4; lastKnownFileType = sourcecode.c.h; path = ColorCollectionCell.h; sourceTree = "<group>"; };
		0E136B601C19EC660070C958 /* ColorCollectionCell.m */ = {isa = PBXFileReference; fileEncoding = 4; lastKnownFileType = sourcecode.c.objc; path = ColorCollectionCell.m; sourceTree = "<group>"; };
		0E136B611C19EC660070C958 /* ColorCollectionCell.xib */ = {isa = PBXFileReference; fileEncoding = 4; lastKnownFileType = file.xib; path = ColorCollectionCell.xib; sourceTree = "<group>"; };
		0E136B641C19EC660070C958 /* SwipableCardCollectionLayout.h */ = {isa = PBXFileReference; fileEncoding = 4; lastKnownFileType = sourcecode.c.h; path = SwipableCardCollectionLayout.h; sourceTree = "<group>"; };
		0E136B651C19EC660070C958 /* SwipableCardCollectionLayout.m */ = {isa = PBXFileReference; fileEncoding = 4; lastKnownFileType = sourcecode.c.objc; path = SwipableCardCollectionLayout.m; sourceTree = "<group>"; };
		0E136B661C19EC660070C958 /* UIColor+PiRandomColor.h */ = {isa = PBXFileReference; fileEncoding = 4; lastKnownFileType = sourcecode.c.h; path = "UIColor+PiRandomColor.h"; sourceTree = "<group>"; };
		0E136B671C19EC660070C958 /* UIColor+PiRandomColor.m */ = {isa = PBXFileReference; fileEncoding = 4; lastKnownFileType = sourcecode.c.objc; path = "UIColor+PiRandomColor.m"; sourceTree = "<group>"; };
		0E2278021C245698003E3547 /* SVIndefiniteAnimatedView.h */ = {isa = PBXFileReference; fileEncoding = 4; lastKnownFileType = sourcecode.c.h; path = SVIndefiniteAnimatedView.h; sourceTree = "<group>"; };
		0E2278031C245698003E3547 /* SVIndefiniteAnimatedView.m */ = {isa = PBXFileReference; fileEncoding = 4; lastKnownFileType = sourcecode.c.objc; path = SVIndefiniteAnimatedView.m; sourceTree = "<group>"; };
		0E2278041C245698003E3547 /* SVProgressHUD-Prefix.pch */ = {isa = PBXFileReference; fileEncoding = 4; lastKnownFileType = sourcecode.c.h; path = "SVProgressHUD-Prefix.pch"; sourceTree = "<group>"; };
		0E2278051C245698003E3547 /* SVProgressHUD.bundle */ = {isa = PBXFileReference; lastKnownFileType = "wrapper.plug-in"; path = SVProgressHUD.bundle; sourceTree = "<group>"; };
		0E2278061C245698003E3547 /* SVProgressHUD.h */ = {isa = PBXFileReference; fileEncoding = 4; lastKnownFileType = sourcecode.c.h; path = SVProgressHUD.h; sourceTree = "<group>"; };
		0E2278071C245698003E3547 /* SVProgressHUD.m */ = {isa = PBXFileReference; fileEncoding = 4; lastKnownFileType = sourcecode.c.objc; path = SVProgressHUD.m; sourceTree = "<group>"; };
		0E2278081C245698003E3547 /* SVRadialGradientLayer.h */ = {isa = PBXFileReference; fileEncoding = 4; lastKnownFileType = sourcecode.c.h; path = SVRadialGradientLayer.h; sourceTree = "<group>"; };
		0E2278091C245698003E3547 /* SVRadialGradientLayer.m */ = {isa = PBXFileReference; fileEncoding = 4; lastKnownFileType = sourcecode.c.objc; path = SVRadialGradientLayer.m; sourceTree = "<group>"; };
		0E22780E1C24579D003E3547 /* prize.plist */ = {isa = PBXFileReference; fileEncoding = 4; lastKnownFileType = text.plist.xml; path = prize.plist; sourceTree = "<group>"; };
		0E2BAF531C2971670030F731 /* Archivement.h */ = {isa = PBXFileReference; fileEncoding = 4; lastKnownFileType = sourcecode.c.h; path = Archivement.h; sourceTree = "<group>"; };
		0E2BAF541C2971670030F731 /* Archivement.m */ = {isa = PBXFileReference; fileEncoding = 4; lastKnownFileType = sourcecode.c.objc; path = Archivement.m; sourceTree = "<group>"; };
		0E35A5FA1C1C6A14003921A0 /* FontAwesome.ttf */ = {isa = PBXFileReference; lastKnownFileType = file; path = FontAwesome.ttf; sourceTree = "<group>"; };
		0E35A6081C1C71FA003921A0 /* HandWrittingViewController.h */ = {isa = PBXFileReference; fileEncoding = 4; lastKnownFileType = sourcecode.c.h; path = HandWrittingViewController.h; sourceTree = "<group>"; };
		0E35A6091C1C71FA003921A0 /* HandWrittingViewController.m */ = {isa = PBXFileReference; fileEncoding = 4; lastKnownFileType = sourcecode.c.objc; path = HandWrittingViewController.m; sourceTree = "<group>"; };
		0E35A60A1C1C71FA003921A0 /* MagicTransitionSegue.h */ = {isa = PBXFileReference; fileEncoding = 4; lastKnownFileType = sourcecode.c.h; path = MagicTransitionSegue.h; sourceTree = "<group>"; };
		0E35A60B1C1C71FA003921A0 /* MagicTransitionSegue.m */ = {isa = PBXFileReference; fileEncoding = 4; lastKnownFileType = sourcecode.c.objc; path = MagicTransitionSegue.m; sourceTree = "<group>"; };
		0E35A60F1C1C723C003921A0 /* MainViewController.h */ = {isa = PBXFileReference; fileEncoding = 4; lastKnownFileType = sourcecode.c.h; path = MainViewController.h; sourceTree = "<group>"; };
		0E35A6101C1C723C003921A0 /* MainViewController.m */ = {isa = PBXFileReference; fileEncoding = 4; lastKnownFileType = sourcecode.c.objc; path = MainViewController.m; sourceTree = "<group>"; };
		0E35A6131C1C7760003921A0 /* FAKFontAwesome.h */ = {isa = PBXFileReference; fileEncoding = 4; lastKnownFileType = sourcecode.c.h; path = FAKFontAwesome.h; sourceTree = "<group>"; };
		0E35A6141C1C7760003921A0 /* FAKFontAwesome.m */ = {isa = PBXFileReference; fileEncoding = 4; lastKnownFileType = sourcecode.c.objc; path = FAKFontAwesome.m; sourceTree = "<group>"; };
		0E35A6151C1C7760003921A0 /* FAKFoundationIcons.h */ = {isa = PBXFileReference; fileEncoding = 4; lastKnownFileType = sourcecode.c.h; path = FAKFoundationIcons.h; sourceTree = "<group>"; };
		0E35A6161C1C7760003921A0 /* FAKFoundationIcons.m */ = {isa = PBXFileReference; fileEncoding = 4; lastKnownFileType = sourcecode.c.objc; path = FAKFoundationIcons.m; sourceTree = "<group>"; };
		0E35A6171C1C7760003921A0 /* FAKIcon.h */ = {isa = PBXFileReference; fileEncoding = 4; lastKnownFileType = sourcecode.c.h; path = FAKIcon.h; sourceTree = "<group>"; };
		0E35A6181C1C7760003921A0 /* FAKIcon.m */ = {isa = PBXFileReference; fileEncoding = 4; lastKnownFileType = sourcecode.c.objc; path = FAKIcon.m; sourceTree = "<group>"; };
		0E35A6191C1C7760003921A0 /* FAKIonIcons.h */ = {isa = PBXFileReference; fileEncoding = 4; lastKnownFileType = sourcecode.c.h; path = FAKIonIcons.h; sourceTree = "<group>"; };
		0E35A61A1C1C7760003921A0 /* FAKIonIcons.m */ = {isa = PBXFileReference; fileEncoding = 4; lastKnownFileType = sourcecode.c.objc; path = FAKIonIcons.m; sourceTree = "<group>"; };
		0E35A61B1C1C7760003921A0 /* FAKMaterialIcons.h */ = {isa = PBXFileReference; fileEncoding = 4; lastKnownFileType = sourcecode.c.h; path = FAKMaterialIcons.h; sourceTree = "<group>"; };
		0E35A61C1C1C7760003921A0 /* FAKMaterialIcons.m */ = {isa = PBXFileReference; fileEncoding = 4; lastKnownFileType = sourcecode.c.objc; path = FAKMaterialIcons.m; sourceTree = "<group>"; };
		0E35A61D1C1C7760003921A0 /* FAKOcticons.h */ = {isa = PBXFileReference; fileEncoding = 4; lastKnownFileType = sourcecode.c.h; path = FAKOcticons.h; sourceTree = "<group>"; };
		0E35A61E1C1C7760003921A0 /* FAKOcticons.m */ = {isa = PBXFileReference; fileEncoding = 4; lastKnownFileType = sourcecode.c.objc; path = FAKOcticons.m; sourceTree = "<group>"; };
		0E35A61F1C1C7760003921A0 /* FAKZocial.h */ = {isa = PBXFileReference; fileEncoding = 4; lastKnownFileType = sourcecode.c.h; path = FAKZocial.h; sourceTree = "<group>"; };
		0E35A6201C1C7760003921A0 /* FAKZocial.m */ = {isa = PBXFileReference; fileEncoding = 4; lastKnownFileType = sourcecode.c.objc; path = FAKZocial.m; sourceTree = "<group>"; };
		0E35A6211C1C7760003921A0 /* FontAwesome.otf */ = {isa = PBXFileReference; lastKnownFileType = file; path = FontAwesome.otf; sourceTree = "<group>"; };
		0E35A6221C1C7760003921A0 /* FontAwesomeKit.h */ = {isa = PBXFileReference; fileEncoding = 4; lastKnownFileType = sourcecode.c.h; path = FontAwesomeKit.h; sourceTree = "<group>"; };
		0E35A6231C1C7760003921A0 /* foundation-icons.ttf */ = {isa = PBXFileReference; lastKnownFileType = file; path = "foundation-icons.ttf"; sourceTree = "<group>"; };
		0E35A6241C1C7760003921A0 /* ionicons.ttf */ = {isa = PBXFileReference; lastKnownFileType = file; path = ionicons.ttf; sourceTree = "<group>"; };
		0E35A6251C1C7760003921A0 /* Material-Design-Iconic-Font.ttf */ = {isa = PBXFileReference; lastKnownFileType = file; path = "Material-Design-Iconic-Font.ttf"; sourceTree = "<group>"; };
		0E35A6261C1C7760003921A0 /* octicons.ttf */ = {isa = PBXFileReference; lastKnownFileType = file; path = octicons.ttf; sourceTree = "<group>"; };
		0E35A6271C1C7760003921A0 /* zocial-regular-webfont.ttf */ = {isa = PBXFileReference; lastKnownFileType = file; path = "zocial-regular-webfont.ttf"; sourceTree = "<group>"; };
		0E35A6361C1C7878003921A0 /* AboutMeTableController.h */ = {isa = PBXFileReference; fileEncoding = 4; lastKnownFileType = sourcecode.c.h; path = AboutMeTableController.h; sourceTree = "<group>"; };
		0E35A6371C1C7878003921A0 /* AboutMeTableController.m */ = {isa = PBXFileReference; fileEncoding = 4; lastKnownFileType = sourcecode.c.objc; path = AboutMeTableController.m; sourceTree = "<group>"; };
		0E35A6391C1C7CFC003921A0 /* FontAwsomeImageHelper.h */ = {isa = PBXFileReference; fileEncoding = 4; lastKnownFileType = sourcecode.c.h; path = FontAwsomeImageHelper.h; sourceTree = "<group>"; };
		0E35A63A1C1C7CFC003921A0 /* FontAwsomeImageHelper.m */ = {isa = PBXFileReference; fileEncoding = 4; lastKnownFileType = sourcecode.c.objc; path = FontAwsomeImageHelper.m; sourceTree = "<group>"; };
		0E6D7E151C1B285100A5F43D /* AutoShowScrollToTopImg.h */ = {isa = PBXFileReference; fileEncoding = 4; lastKnownFileType = sourcecode.c.h; path = AutoShowScrollToTopImg.h; sourceTree = "<group>"; };
		0E6D7E161C1B285100A5F43D /* AutoShowScrollToTopImg.m */ = {isa = PBXFileReference; fileEncoding = 4; lastKnownFileType = sourcecode.c.objc; path = AutoShowScrollToTopImg.m; sourceTree = "<group>"; };
		0E6D7E171C1B285100A5F43D /* DateFormatter.h */ = {isa = PBXFileReference; fileEncoding = 4; lastKnownFileType = sourcecode.c.h; path = DateFormatter.h; sourceTree = "<group>"; };
		0E6D7E181C1B285100A5F43D /* DateFormatter.m */ = {isa = PBXFileReference; fileEncoding = 4; lastKnownFileType = sourcecode.c.objc; path = DateFormatter.m; sourceTree = "<group>"; };
		0E6D7E191C1B285100A5F43D /* Experience.h */ = {isa = PBXFileReference; fileEncoding = 4; lastKnownFileType = sourcecode.c.h; path = Experience.h; sourceTree = "<group>"; };
		0E6D7E1A1C1B285100A5F43D /* Experience.m */ = {isa = PBXFileReference; fileEncoding = 4; lastKnownFileType = sourcecode.c.objc; path = Experience.m; sourceTree = "<group>"; };
		0E6D7E1B1C1B285100A5F43D /* timeLine.plist */ = {isa = PBXFileReference; fileEncoding = 4; lastKnownFileType = text.plist.xml; path = timeLine.plist; sourceTree = "<group>"; };
		0E6D7E1C1C1B285100A5F43D /* TimeLineDotLineView.h */ = {isa = PBXFileReference; fileEncoding = 4; lastKnownFileType = sourcecode.c.h; path = TimeLineDotLineView.h; sourceTree = "<group>"; };
		0E6D7E1D1C1B285100A5F43D /* TimeLineDotLineView.m */ = {isa = PBXFileReference; fileEncoding = 4; lastKnownFileType = sourcecode.c.objc; path = TimeLineDotLineView.m; sourceTree = "<group>"; };
		0E6D7E1E1C1B285100A5F43D /* TimeLineTableViewCell.h */ = {isa = PBXFileReference; fileEncoding = 4; lastKnownFileType = sourcecode.c.h; path = TimeLineTableViewCell.h; sourceTree = "<group>"; };
		0E6D7E1F1C1B285100A5F43D /* TimeLineTableViewCell.m */ = {isa = PBXFileReference; fileEncoding = 4; lastKnownFileType = sourcecode.c.objc; path = TimeLineTableViewCell.m; sourceTree = "<group>"; };
		0E6D7E201C1B285100A5F43D /* TimeLineViewController.h */ = {isa = PBXFileReference; fileEncoding = 4; lastKnownFileType = sourcecode.c.h; path = TimeLineViewController.h; sourceTree = "<group>"; };
		0E6D7E211C1B285100A5F43D /* TimeLineViewController.m */ = {isa = PBXFileReference; fileEncoding = 4; lastKnownFileType = sourcecode.c.objc; path = TimeLineViewController.m; sourceTree = "<group>"; };
		0E6D7E391C1B297700A5F43D /* TimeLineHeaderCell.h */ = {isa = PBXFileReference; fileEncoding = 4; lastKnownFileType = sourcecode.c.h; path = TimeLineHeaderCell.h; sourceTree = "<group>"; };
		0E6D7E3A1C1B297700A5F43D /* TimeLineHeaderCell.m */ = {isa = PBXFileReference; fileEncoding = 4; lastKnownFileType = sourcecode.c.objc; path = TimeLineHeaderCell.m; sourceTree = "<group>"; };
		0E6D7E3E1C1B2D6600A5F43D /* TimeLine.storyboard */ = {isa = PBXFileReference; fileEncoding = 4; lastKnownFileType = file.storyboard; path = TimeLine.storyboard; sourceTree = "<group>"; };
		0E6D7E411C1B2EA100A5F43D /* MagicAnimator.h */ = {isa = PBXFileReference; fileEncoding = 4; lastKnownFileType = sourcecode.c.h; path = MagicAnimator.h; sourceTree = "<group>"; };
		0E6D7E421C1B2EA100A5F43D /* MagicAnimator.m */ = {isa = PBXFileReference; fileEncoding = 4; lastKnownFileType = sourcecode.c.objc; path = MagicAnimator.m; sourceTree = "<group>"; };
		0E6D7E431C1B2EA100A5F43D /* ProgressLabel.h */ = {isa = PBXFileReference; fileEncoding = 4; lastKnownFileType = sourcecode.c.h; path = ProgressLabel.h; sourceTree = "<group>"; };
		0E6D7E441C1B2EA100A5F43D /* ProgressLabel.m */ = {isa = PBXFileReference; fileEncoding = 4; lastKnownFileType = sourcecode.c.objc; path = ProgressLabel.m; sourceTree = "<group>"; };
		0E6D7E451C1B2EA100A5F43D /* Skill.h */ = {isa = PBXFileReference; fileEncoding = 4; lastKnownFileType = sourcecode.c.h; path = Skill.h; sourceTree = "<group>"; };
		0E6D7E461C1B2EA100A5F43D /* Skill.m */ = {isa = PBXFileReference; fileEncoding = 4; lastKnownFileType = sourcecode.c.objc; path = Skill.m; sourceTree = "<group>"; };
		0E6D7E471C1B2EA100A5F43D /* SkillProgressView.h */ = {isa = PBXFileReference; fileEncoding = 4; lastKnownFileType = sourcecode.c.h; path = SkillProgressView.h; sourceTree = "<group>"; };
		0E6D7E481C1B2EA100A5F43D /* SkillProgressView.m */ = {isa = PBXFileReference; fileEncoding = 4; lastKnownFileType = sourcecode.c.objc; path = SkillProgressView.m; sourceTree = "<group>"; };
		0E6D7E491C1B2EA100A5F43D /* SkillProgressViewController.h */ = {isa = PBXFileReference; fileEncoding = 4; lastKnownFileType = sourcecode.c.h; path = SkillProgressViewController.h; sourceTree = "<group>"; };
		0E6D7E4A1C1B2EA100A5F43D /* SkillProgressViewController.m */ = {isa = PBXFileReference; fileEncoding = 4; lastKnownFileType = sourcecode.c.objc; path = SkillProgressViewController.m; sourceTree = "<group>"; };
		0E6D7E4B1C1B2EA100A5F43D /* SkillReveal.storyboard */ = {isa = PBXFileReference; fileEncoding = 4; lastKnownFileType = file.storyboard; path = SkillReveal.storyboard; sourceTree = "<group>"; };
		0E6D7E4C1C1B2EA100A5F43D /* skills.plist */ = {isa = PBXFileReference; fileEncoding = 4; lastKnownFileType = text.plist.xml; path = skills.plist; sourceTree = "<group>"; };
		0E6D7E4D1C1B2EA100A5F43D /* SkillsViewController.h */ = {isa = PBXFileReference; fileEncoding = 4; lastKnownFileType = sourcecode.c.h; path = SkillsViewController.h; sourceTree = "<group>"; };
		0E6D7E4E1C1B2EA100A5F43D /* SkillsViewController.m */ = {isa = PBXFileReference; fileEncoding = 4; lastKnownFileType = sourcecode.c.objc; path = SkillsViewController.m; sourceTree = "<group>"; };
		0E6D7E4F1C1B2EA100A5F43D /* SkillView.h */ = {isa = PBXFileReference; fileEncoding = 4; lastKnownFileType = sourcecode.c.h; path = SkillView.h; sourceTree = "<group>"; };
		0E6D7E501C1B2EA100A5F43D /* SkillView.m */ = {isa = PBXFileReference; fileEncoding = 4; lastKnownFileType = sourcecode.c.objc; path = SkillView.m; sourceTree = "<group>"; };
		0E91F33F1C2155010069E4E6 /* TTTAttributedLabel.h */ = {isa = PBXFileReference; fileEncoding = 4; lastKnownFileType = sourcecode.c.h; path = TTTAttributedLabel.h; sourceTree = "<group>"; };
		0E91F3401C2155010069E4E6 /* TTTAttributedLabel.m */ = {isa = PBXFileReference; fileEncoding = 4; lastKnownFileType = sourcecode.c.objc; path = TTTAttributedLabel.m; sourceTree = "<group>"; };
		0EA7A3001C1D812700829442 /* Chameleon.h */ = {isa = PBXFileReference; fileEncoding = 4; lastKnownFileType = sourcecode.c.h; path = Chameleon.h; sourceTree = "<group>"; };
		0EA7A3011C1D812700829442 /* Chameleon_.h */ = {isa = PBXFileReference; fileEncoding = 4; lastKnownFileType = sourcecode.c.h; path = Chameleon_.h; sourceTree = "<group>"; };
		0EA7A3021C1D812700829442 /* Chameleon_.m */ = {isa = PBXFileReference; fileEncoding = 4; lastKnownFileType = sourcecode.c.objc; path = Chameleon_.m; sourceTree = "<group>"; };
		0EA7A3031C1D812700829442 /* ChameleonConstants.h */ = {isa = PBXFileReference; fileEncoding = 4; lastKnownFileType = sourcecode.c.h; path = ChameleonConstants.h; sourceTree = "<group>"; };
		0EA7A3041C1D812700829442 /* ChameleonConstants.m */ = {isa = PBXFileReference; fileEncoding = 4; lastKnownFileType = sourcecode.c.objc; path = ChameleonConstants.m; sourceTree = "<group>"; };
		0EA7A3051C1D812700829442 /* ChameleonEnums.h */ = {isa = PBXFileReference; fileEncoding = 4; lastKnownFileType = sourcecode.c.h; path = ChameleonEnums.h; sourceTree = "<group>"; };
		0EA7A3061C1D812700829442 /* ChameleonMacros.h */ = {isa = PBXFileReference; fileEncoding = 4; lastKnownFileType = sourcecode.c.h; path = ChameleonMacros.h; sourceTree = "<group>"; };
		0EA7A3071C1D812700829442 /* NSArray+Chameleon.h */ = {isa = PBXFileReference; fileEncoding = 4; lastKnownFileType = sourcecode.c.h; path = "NSArray+Chameleon.h"; sourceTree = "<group>"; };
		0EA7A3081C1D812700829442 /* NSArray+Chameleon.m */ = {isa = PBXFileReference; fileEncoding = 4; lastKnownFileType = sourcecode.c.objc; path = "NSArray+Chameleon.m"; sourceTree = "<group>"; };
		0EA7A3091C1D812700829442 /* UIAppearance+Swift.h */ = {isa = PBXFileReference; fileEncoding = 4; lastKnownFileType = sourcecode.c.h; path = "UIAppearance+Swift.h"; sourceTree = "<group>"; };
		0EA7A30A1C1D812700829442 /* UIAppearance+Swift.m */ = {isa = PBXFileReference; fileEncoding = 4; lastKnownFileType = sourcecode.c.objc; path = "UIAppearance+Swift.m"; sourceTree = "<group>"; };
		0EA7A30B1C1D812700829442 /* UIButton+Chameleon.h */ = {isa = PBXFileReference; fileEncoding = 4; lastKnownFileType = sourcecode.c.h; path = "UIButton+Chameleon.h"; sourceTree = "<group>"; };
		0EA7A30C1C1D812700829442 /* UIButton+Chameleon.m */ = {isa = PBXFileReference; fileEncoding = 4; lastKnownFileType = sourcecode.c.objc; path = "UIButton+Chameleon.m"; sourceTree = "<group>"; };
		0EA7A30D1C1D812700829442 /* UIColor+Chameleon.h */ = {isa = PBXFileReference; fileEncoding = 4; lastKnownFileType = sourcecode.c.h; path = "UIColor+Chameleon.h"; sourceTree = "<group>"; };
		0EA7A30E1C1D812700829442 /* UIColor+Chameleon.m */ = {isa = PBXFileReference; fileEncoding = 4; lastKnownFileType = sourcecode.c.objc; path = "UIColor+Chameleon.m"; sourceTree = "<group>"; };
		0EA7A30F1C1D812700829442 /* UIColor+ChameleonPrivate.h */ = {isa = PBXFileReference; fileEncoding = 4; lastKnownFileType = sourcecode.c.h; path = "UIColor+ChameleonPrivate.h"; sourceTree = "<group>"; };
		0EA7A3101C1D812700829442 /* UIColor+ChameleonPrivate.m */ = {isa = PBXFileReference; fileEncoding = 4; lastKnownFileType = sourcecode.c.objc; path = "UIColor+ChameleonPrivate.m"; sourceTree = "<group>"; };
		0EA7A3111C1D812700829442 /* UIImage+ChameleonPrivate.h */ = {isa = PBXFileReference; fileEncoding = 4; lastKnownFileType = sourcecode.c.h; path = "UIImage+ChameleonPrivate.h"; sourceTree = "<group>"; };
		0EA7A3121C1D812700829442 /* UIImage+ChameleonPrivate.m */ = {isa = PBXFileReference; fileEncoding = 4; lastKnownFileType = sourcecode.c.objc; path = "UIImage+ChameleonPrivate.m"; sourceTree = "<group>"; };
		0EA7A3131C1D812700829442 /* UILabel+Chameleon.h */ = {isa = PBXFileReference; fileEncoding = 4; lastKnownFileType = sourcecode.c.h; path = "UILabel+Chameleon.h"; sourceTree = "<group>"; };
		0EA7A3141C1D812700829442 /* UILabel+Chameleon.m */ = {isa = PBXFileReference; fileEncoding = 4; lastKnownFileType = sourcecode.c.objc; path = "UILabel+Chameleon.m"; sourceTree = "<group>"; };
		0EA7A3151C1D812700829442 /* UINavigationController+Chameleon.h */ = {isa = PBXFileReference; fileEncoding = 4; lastKnownFileType = sourcecode.c.h; path = "UINavigationController+Chameleon.h"; sourceTree = "<group>"; };
		0EA7A3161C1D812700829442 /* UINavigationController+Chameleon.m */ = {isa = PBXFileReference; fileEncoding = 4; lastKnownFileType = sourcecode.c.objc; path = "UINavigationController+Chameleon.m"; sourceTree = "<group>"; };
		0EA7A3171C1D812700829442 /* UIView+ChameleonPrivate.h */ = {isa = PBXFileReference; fileEncoding = 4; lastKnownFileType = sourcecode.c.h; path = "UIView+ChameleonPrivate.h"; sourceTree = "<group>"; };
		0EA7A3181C1D812700829442 /* UIView+ChameleonPrivate.m */ = {isa = PBXFileReference; fileEncoding = 4; lastKnownFileType = sourcecode.c.objc; path = "UIView+ChameleonPrivate.m"; sourceTree = "<group>"; };
		0EA7A3191C1D812700829442 /* UIViewController+Chameleon.h */ = {isa = PBXFileReference; fileEncoding = 4; lastKnownFileType = sourcecode.c.h; path = "UIViewController+Chameleon.h"; sourceTree = "<group>"; };
		0EA7A31A1C1D812700829442 /* UIViewController+Chameleon.m */ = {isa = PBXFileReference; fileEncoding = 4; lastKnownFileType = sourcecode.c.objc; path = "UIViewController+Chameleon.m"; sourceTree = "<group>"; };
		0EBF0ADA1C18301C00C8CE70 /* MyResume.app */ = {isa = PBXFileReference; explicitFileType = wrapper.application; includeInIndex = 0; path = MyResume.app; sourceTree = BUILT_PRODUCTS_DIR; };
		0EBF0AE71C18301C00C8CE70 /* Base */ = {isa = PBXFileReference; lastKnownFileType = file.storyboard; name = Base; path = Base.lproj/Main.storyboard; sourceTree = "<group>"; };
		0EBF0AE91C18301C00C8CE70 /* Assets.xcassets */ = {isa = PBXFileReference; lastKnownFileType = folder.assetcatalog; path = Assets.xcassets; sourceTree = "<group>"; };
		0EBF0AEC1C18301C00C8CE70 /* Base */ = {isa = PBXFileReference; lastKnownFileType = file.storyboard; name = Base; path = Base.lproj/LaunchScreen.storyboard; sourceTree = "<group>"; };
		0EBF0AEE1C18301C00C8CE70 /* Info.plist */ = {isa = PBXFileReference; lastKnownFileType = text.plist.xml; path = Info.plist; sourceTree = "<group>"; };
		0EBF0AF31C18301C00C8CE70 /* MyResumeTests.xctest */ = {isa = PBXFileReference; explicitFileType = wrapper.cfbundle; includeInIndex = 0; path = MyResumeTests.xctest; sourceTree = BUILT_PRODUCTS_DIR; };
		0EBF0AF71C18301C00C8CE70 /* MyResumeTests.m */ = {isa = PBXFileReference; lastKnownFileType = sourcecode.c.objc; path = MyResumeTests.m; sourceTree = "<group>"; };
		0EBF0AF91C18301C00C8CE70 /* Info.plist */ = {isa = PBXFileReference; lastKnownFileType = text.plist.xml; path = Info.plist; sourceTree = "<group>"; };
		0EBF0AFE1C18301D00C8CE70 /* MyResumeUITests.xctest */ = {isa = PBXFileReference; explicitFileType = wrapper.cfbundle; includeInIndex = 0; path = MyResumeUITests.xctest; sourceTree = BUILT_PRODUCTS_DIR; };
		0EBF0B021C18301D00C8CE70 /* MyResumeUITests.m */ = {isa = PBXFileReference; lastKnownFileType = sourcecode.c.objc; path = MyResumeUITests.m; sourceTree = "<group>"; };
		0EBF0B041C18301D00C8CE70 /* Info.plist */ = {isa = PBXFileReference; lastKnownFileType = text.plist.xml; path = Info.plist; sourceTree = "<group>"; };
		0EBF0B171C1830D500C8CE70 /* TextPathHelper.h */ = {isa = PBXFileReference; fileEncoding = 4; lastKnownFileType = sourcecode.c.h; path = TextPathHelper.h; sourceTree = "<group>"; };
		0EBF0B181C1830D500C8CE70 /* TextPathHelper.m */ = {isa = PBXFileReference; fileEncoding = 4; lastKnownFileType = sourcecode.c.objc; path = TextPathHelper.m; sourceTree = "<group>"; };
		0EBF0B191C1830D500C8CE70 /* UIImage+ImageEffects.h */ = {isa = PBXFileReference; fileEncoding = 4; lastKnownFileType = sourcecode.c.h; path = "UIImage+ImageEffects.h"; sourceTree = "<group>"; };
		0EBF0B1A1C1830D500C8CE70 /* UIImage+ImageEffects.m */ = {isa = PBXFileReference; fileEncoding = 4; lastKnownFileType = sourcecode.c.objc; path = "UIImage+ImageEffects.m"; sourceTree = "<group>"; };
		0EBF0B1F1C1830D500C8CE70 /* AppDelegate.h */ = {isa = PBXFileReference; fileEncoding = 4; lastKnownFileType = sourcecode.c.h; path = AppDelegate.h; sourceTree = "<group>"; };
		0EBF0B201C1830D500C8CE70 /* AppDelegate.m */ = {isa = PBXFileReference; fileEncoding = 4; lastKnownFileType = sourcecode.c.objc; path = AppDelegate.m; sourceTree = "<group>"; };
		0EBF0B211C1830D500C8CE70 /* main.m */ = {isa = PBXFileReference; fileEncoding = 4; lastKnownFileType = sourcecode.c.objc; path = main.m; sourceTree = "<group>"; };
/* End PBXFileReference section */

/* Begin PBXFrameworksBuildPhase section */
		0EBF0AD71C18301C00C8CE70 /* Frameworks */ = {
			isa = PBXFrameworksBuildPhase;
			buildActionMask = 2147483647;
			files = (
			);
			runOnlyForDeploymentPostprocessing = 0;
		};
		0EBF0AF01C18301C00C8CE70 /* Frameworks */ = {
			isa = PBXFrameworksBuildPhase;
			buildActionMask = 2147483647;
			files = (
			);
			runOnlyForDeploymentPostprocessing = 0;
		};
		0EBF0AFB1C18301D00C8CE70 /* Frameworks */ = {
			isa = PBXFrameworksBuildPhase;
			buildActionMask = 2147483647;
			files = (
			);
			runOnlyForDeploymentPostprocessing = 0;
		};
/* End PBXFrameworksBuildPhase section */

/* Begin PBXGroup section */
		0E136B5B1C19EC660070C958 /* CollectionCard */ = {
			isa = PBXGroup;
			children = (
				0E2BAF521C2971410030F731 /* Model */,
				0E136B5D1C19EC660070C958 /* CollectionCardViewController.h */,
				0E136B5E1C19EC660070C958 /* CollectionCardViewController.m */,
				0E136B5F1C19EC660070C958 /* ColorCollectionCell.h */,
				0E136B601C19EC660070C958 /* ColorCollectionCell.m */,
				0E136B611C19EC660070C958 /* ColorCollectionCell.xib */,
				0E136B641C19EC660070C958 /* SwipableCardCollectionLayout.h */,
				0E136B651C19EC660070C958 /* SwipableCardCollectionLayout.m */,
				0E136B661C19EC660070C958 /* UIColor+PiRandomColor.h */,
				0E136B671C19EC660070C958 /* UIColor+PiRandomColor.m */,
				0E22780E1C24579D003E3547 /* prize.plist */,
			);
			path = CollectionCard;
			sourceTree = "<group>";
		};
		0E2278011C245698003E3547 /* SVProgressHUD */ = {
			isa = PBXGroup;
			children = (
				0E2278021C245698003E3547 /* SVIndefiniteAnimatedView.h */,
				0E2278031C245698003E3547 /* SVIndefiniteAnimatedView.m */,
				0E2278041C245698003E3547 /* SVProgressHUD-Prefix.pch */,
				0E2278051C245698003E3547 /* SVProgressHUD.bundle */,
				0E2278061C245698003E3547 /* SVProgressHUD.h */,
				0E2278071C245698003E3547 /* SVProgressHUD.m */,
				0E2278081C245698003E3547 /* SVRadialGradientLayer.h */,
				0E2278091C245698003E3547 /* SVRadialGradientLayer.m */,
			);
			path = SVProgressHUD;
			sourceTree = "<group>";
		};
		0E2BAF521C2971410030F731 /* Model */ = {
			isa = PBXGroup;
			children = (
				0E2BAF531C2971670030F731 /* Archivement.h */,
				0E2BAF541C2971670030F731 /* Archivement.m */,
			);
			path = Model;
			sourceTree = "<group>";
		};
		0E35A5FC1C1C6CC1003921A0 /* Lib */ = {
			isa = PBXGroup;
			children = (
				0E2278011C245698003E3547 /* SVProgressHUD */,
				0E91F33E1C2155010069E4E6 /* TTTAttributedLabel */,
				0EA7A2FF1C1D812600829442 /* Chameleon */,
				0E35A6121C1C7760003921A0 /* FontAwesomeKit */,
			);
			path = Lib;
			sourceTree = "<group>";
		};
		0E35A6071C1C71FA003921A0 /* HandWritting */ = {
			isa = PBXGroup;
			children = (
				0E35A6081C1C71FA003921A0 /* HandWrittingViewController.h */,
				0E35A6091C1C71FA003921A0 /* HandWrittingViewController.m */,
				0E35A60A1C1C71FA003921A0 /* MagicTransitionSegue.h */,
				0E35A60B1C1C71FA003921A0 /* MagicTransitionSegue.m */,
			);
			path = HandWritting;
			sourceTree = "<group>";
		};
		0E35A60E1C1C71FF003921A0 /* Main */ = {
			isa = PBXGroup;
			children = (
				0E35A60F1C1C723C003921A0 /* MainViewController.h */,
				0E35A6101C1C723C003921A0 /* MainViewController.m */,
			);
			path = Main;
			sourceTree = "<group>";
		};
		0E35A6121C1C7760003921A0 /* FontAwesomeKit */ = {
			isa = PBXGroup;
			children = (
				0E35A6131C1C7760003921A0 /* FAKFontAwesome.h */,
				0E35A6141C1C7760003921A0 /* FAKFontAwesome.m */,
				0E35A6151C1C7760003921A0 /* FAKFoundationIcons.h */,
				0E35A6161C1C7760003921A0 /* FAKFoundationIcons.m */,
				0E35A6171C1C7760003921A0 /* FAKIcon.h */,
				0E35A6181C1C7760003921A0 /* FAKIcon.m */,
				0E35A6191C1C7760003921A0 /* FAKIonIcons.h */,
				0E35A61A1C1C7760003921A0 /* FAKIonIcons.m */,
				0E35A61B1C1C7760003921A0 /* FAKMaterialIcons.h */,
				0E35A61C1C1C7760003921A0 /* FAKMaterialIcons.m */,
				0E35A61D1C1C7760003921A0 /* FAKOcticons.h */,
				0E35A61E1C1C7760003921A0 /* FAKOcticons.m */,
				0E35A61F1C1C7760003921A0 /* FAKZocial.h */,
				0E35A6201C1C7760003921A0 /* FAKZocial.m */,
				0E35A6211C1C7760003921A0 /* FontAwesome.otf */,
				0E35A6221C1C7760003921A0 /* FontAwesomeKit.h */,
				0E35A6231C1C7760003921A0 /* foundation-icons.ttf */,
				0E35A6241C1C7760003921A0 /* ionicons.ttf */,
				0E35A6251C1C7760003921A0 /* Material-Design-Iconic-Font.ttf */,
				0E35A6261C1C7760003921A0 /* octicons.ttf */,
				0E35A6271C1C7760003921A0 /* zocial-regular-webfont.ttf */,
			);
			name = FontAwesomeKit;
			path = FontAwsome/FontAwesomeKit;
			sourceTree = "<group>";
		};
		0E35A6351C1C7864003921A0 /* AboutMe */ = {
			isa = PBXGroup;
			children = (
				0E35A6361C1C7878003921A0 /* AboutMeTableController.h */,
				0E35A6371C1C7878003921A0 /* AboutMeTableController.m */,
			);
			path = AboutMe;
			sourceTree = "<group>";
		};
		0E6D7E141C1B285100A5F43D /* TimeLine */ = {
			isa = PBXGroup;
			children = (
				0E6D7E151C1B285100A5F43D /* AutoShowScrollToTopImg.h */,
				0E6D7E161C1B285100A5F43D /* AutoShowScrollToTopImg.m */,
				0E6D7E171C1B285100A5F43D /* DateFormatter.h */,
				0E6D7E181C1B285100A5F43D /* DateFormatter.m */,
				0E6D7E191C1B285100A5F43D /* Experience.h */,
				0E6D7E1A1C1B285100A5F43D /* Experience.m */,
				0E6D7E1B1C1B285100A5F43D /* timeLine.plist */,
				0E6D7E1C1C1B285100A5F43D /* TimeLineDotLineView.h */,
				0E6D7E1D1C1B285100A5F43D /* TimeLineDotLineView.m */,
				0E6D7E1E1C1B285100A5F43D /* TimeLineTableViewCell.h */,
				0E6D7E1F1C1B285100A5F43D /* TimeLineTableViewCell.m */,
				0E6D7E391C1B297700A5F43D /* TimeLineHeaderCell.h */,
				0E6D7E3A1C1B297700A5F43D /* TimeLineHeaderCell.m */,
				0E6D7E201C1B285100A5F43D /* TimeLineViewController.h */,
				0E6D7E211C1B285100A5F43D /* TimeLineViewController.m */,
				0E6D7E3E1C1B2D6600A5F43D /* TimeLine.storyboard */,
			);
			path = TimeLine;
			sourceTree = "<group>";
		};
		0E6D7E291C1B294800A5F43D /* Resources */ = {
			isa = PBXGroup;
			children = (
				0E35A5FA1C1C6A14003921A0 /* FontAwesome.ttf */,
			);
			path = Resources;
			sourceTree = "<group>";
		};
		0E6D7E401C1B2EA100A5F43D /* SkillReveal */ = {
			isa = PBXGroup;
			children = (
				0E6D7E411C1B2EA100A5F43D /* MagicAnimator.h */,
				0E6D7E421C1B2EA100A5F43D /* MagicAnimator.m */,
				0E6D7E431C1B2EA100A5F43D /* ProgressLabel.h */,
				0E6D7E441C1B2EA100A5F43D /* ProgressLabel.m */,
				0E6D7E451C1B2EA100A5F43D /* Skill.h */,
				0E6D7E461C1B2EA100A5F43D /* Skill.m */,
				0E6D7E471C1B2EA100A5F43D /* SkillProgressView.h */,
				0E6D7E481C1B2EA100A5F43D /* SkillProgressView.m */,
				0E6D7E491C1B2EA100A5F43D /* SkillProgressViewController.h */,
				0E6D7E4A1C1B2EA100A5F43D /* SkillProgressViewController.m */,
				0E6D7E4B1C1B2EA100A5F43D /* SkillReveal.storyboard */,
				0E6D7E4C1C1B2EA100A5F43D /* skills.plist */,
				0E6D7E4D1C1B2EA100A5F43D /* SkillsViewController.h */,
				0E6D7E4E1C1B2EA100A5F43D /* SkillsViewController.m */,
				0E6D7E4F1C1B2EA100A5F43D /* SkillView.h */,
				0E6D7E501C1B2EA100A5F43D /* SkillView.m */,
			);
			path = SkillReveal;
			sourceTree = "<group>";
		};
		0E91F33E1C2155010069E4E6 /* TTTAttributedLabel */ = {
			isa = PBXGroup;
			children = (
				0E91F33F1C2155010069E4E6 /* TTTAttributedLabel.h */,
				0E91F3401C2155010069E4E6 /* TTTAttributedLabel.m */,
			);
			path = TTTAttributedLabel;
			sourceTree = "<group>";
		};
		0EA7A2FF1C1D812600829442 /* Chameleon */ = {
			isa = PBXGroup;
			children = (
				0EA7A3001C1D812700829442 /* Chameleon.h */,
				0EA7A3011C1D812700829442 /* Chameleon_.h */,
				0EA7A3021C1D812700829442 /* Chameleon_.m */,
				0EA7A3031C1D812700829442 /* ChameleonConstants.h */,
				0EA7A3041C1D812700829442 /* ChameleonConstants.m */,
				0EA7A3051C1D812700829442 /* ChameleonEnums.h */,
				0EA7A3061C1D812700829442 /* ChameleonMacros.h */,
				0EA7A3071C1D812700829442 /* NSArray+Chameleon.h */,
				0EA7A3081C1D812700829442 /* NSArray+Chameleon.m */,
				0EA7A3091C1D812700829442 /* UIAppearance+Swift.h */,
				0EA7A30A1C1D812700829442 /* UIAppearance+Swift.m */,
				0EA7A30B1C1D812700829442 /* UIButton+Chameleon.h */,
				0EA7A30C1C1D812700829442 /* UIButton+Chameleon.m */,
				0EA7A30D1C1D812700829442 /* UIColor+Chameleon.h */,
				0EA7A30E1C1D812700829442 /* UIColor+Chameleon.m */,
				0EA7A30F1C1D812700829442 /* UIColor+ChameleonPrivate.h */,
				0EA7A3101C1D812700829442 /* UIColor+ChameleonPrivate.m */,
				0EA7A3111C1D812700829442 /* UIImage+ChameleonPrivate.h */,
				0EA7A3121C1D812700829442 /* UIImage+ChameleonPrivate.m */,
				0EA7A3131C1D812700829442 /* UILabel+Chameleon.h */,
				0EA7A3141C1D812700829442 /* UILabel+Chameleon.m */,
				0EA7A3151C1D812700829442 /* UINavigationController+Chameleon.h */,
				0EA7A3161C1D812700829442 /* UINavigationController+Chameleon.m */,
				0EA7A3171C1D812700829442 /* UIView+ChameleonPrivate.h */,
				0EA7A3181C1D812700829442 /* UIView+ChameleonPrivate.m */,
				0EA7A3191C1D812700829442 /* UIViewController+Chameleon.h */,
				0EA7A31A1C1D812700829442 /* UIViewController+Chameleon.m */,
			);
			path = Chameleon;
			sourceTree = "<group>";
		};
		0EBF0AD11C18301C00C8CE70 = {
			isa = PBXGroup;
			children = (
				0EBF0ADC1C18301C00C8CE70 /* MyResume */,
				0EBF0AF61C18301C00C8CE70 /* MyResumeTests */,
				0EBF0B011C18301D00C8CE70 /* MyResumeUITests */,
				0EBF0ADB1C18301C00C8CE70 /* Products */,
			);
			sourceTree = "<group>";
		};
		0EBF0ADB1C18301C00C8CE70 /* Products */ = {
			isa = PBXGroup;
			children = (
				0EBF0ADA1C18301C00C8CE70 /* MyResume.app */,
				0EBF0AF31C18301C00C8CE70 /* MyResumeTests.xctest */,
				0EBF0AFE1C18301D00C8CE70 /* MyResumeUITests.xctest */,
			);
			name = Products;
			sourceTree = "<group>";
		};
		0EBF0ADC1C18301C00C8CE70 /* MyResume */ = {
			isa = PBXGroup;
			children = (
				0EBF0AE91C18301C00C8CE70 /* Assets.xcassets */,
				0EBF0B151C1830D500C8CE70 /* App */,
				0EBF0AE61C18301C00C8CE70 /* Main.storyboard */,
				0EBF0AEB1C18301C00C8CE70 /* LaunchScreen.storyboard */,
				0E6D7E291C1B294800A5F43D /* Resources */,
				0EBF0ADD1C18301C00C8CE70 /* Supporting Files */,
			);
			path = MyResume;
			sourceTree = "<group>";
		};
		0EBF0ADD1C18301C00C8CE70 /* Supporting Files */ = {
			isa = PBXGroup;
			children = (
				0EBF0AEE1C18301C00C8CE70 /* Info.plist */,
			);
			name = "Supporting Files";
			sourceTree = "<group>";
		};
		0EBF0AF61C18301C00C8CE70 /* MyResumeTests */ = {
			isa = PBXGroup;
			children = (
				0EBF0AF71C18301C00C8CE70 /* MyResumeTests.m */,
				0EBF0AF91C18301C00C8CE70 /* Info.plist */,
			);
			path = MyResumeTests;
			sourceTree = "<group>";
		};
		0EBF0B011C18301D00C8CE70 /* MyResumeUITests */ = {
			isa = PBXGroup;
			children = (
				0EBF0B021C18301D00C8CE70 /* MyResumeUITests.m */,
				0EBF0B041C18301D00C8CE70 /* Info.plist */,
			);
			path = MyResumeUITests;
			sourceTree = "<group>";
		};
		0EBF0B151C1830D500C8CE70 /* App */ = {
			isa = PBXGroup;
			children = (
				0E35A6351C1C7864003921A0 /* AboutMe */,
				0E35A60E1C1C71FF003921A0 /* Main */,
				0E35A5FC1C1C6CC1003921A0 /* Lib */,
				0E6D7E401C1B2EA100A5F43D /* SkillReveal */,
				0E6D7E141C1B285100A5F43D /* TimeLine */,
				0E136B5B1C19EC660070C958 /* CollectionCard */,
				0EBF0B161C1830D500C8CE70 /* Helper */,
				0E35A6071C1C71FA003921A0 /* HandWritting */,
				0EBF0B1E1C1830D500C8CE70 /* Support */,
			);
			path = App;
			sourceTree = "<group>";
		};
		0EBF0B161C1830D500C8CE70 /* Helper */ = {
			isa = PBXGroup;
			children = (
				0EBF0B171C1830D500C8CE70 /* TextPathHelper.h */,
				0EBF0B181C1830D500C8CE70 /* TextPathHelper.m */,
				0EBF0B191C1830D500C8CE70 /* UIImage+ImageEffects.h */,
				0EBF0B1A1C1830D500C8CE70 /* UIImage+ImageEffects.m */,
				0E35A6391C1C7CFC003921A0 /* FontAwsomeImageHelper.h */,
				0E35A63A1C1C7CFC003921A0 /* FontAwsomeImageHelper.m */,
			);
			path = Helper;
			sourceTree = "<group>";
		};
		0EBF0B1E1C1830D500C8CE70 /* Support */ = {
			isa = PBXGroup;
			children = (
				0EBF0B1F1C1830D500C8CE70 /* AppDelegate.h */,
				0EBF0B201C1830D500C8CE70 /* AppDelegate.m */,
				0EBF0B211C1830D500C8CE70 /* main.m */,
			);
			path = Support;
			sourceTree = "<group>";
		};
/* End PBXGroup section */

/* Begin PBXNativeTarget section */
		0EBF0AD91C18301C00C8CE70 /* MyResume */ = {
			isa = PBXNativeTarget;
			buildConfigurationList = 0EBF0B071C18301D00C8CE70 /* Build configuration list for PBXNativeTarget "MyResume" */;
			buildPhases = (
				0EBF0AD61C18301C00C8CE70 /* Sources */,
				0EBF0AD71C18301C00C8CE70 /* Frameworks */,
				0EBF0AD81C18301C00C8CE70 /* Resources */,
			);
			buildRules = (
			);
			dependencies = (
			);
			name = MyResume;
			productName = MyResume;
			productReference = 0EBF0ADA1C18301C00C8CE70 /* MyResume.app */;
			productType = "com.apple.product-type.application";
		};
		0EBF0AF21C18301C00C8CE70 /* MyResumeTests */ = {
			isa = PBXNativeTarget;
			buildConfigurationList = 0EBF0B0A1C18301D00C8CE70 /* Build configuration list for PBXNativeTarget "MyResumeTests" */;
			buildPhases = (
				0EBF0AEF1C18301C00C8CE70 /* Sources */,
				0EBF0AF01C18301C00C8CE70 /* Frameworks */,
				0EBF0AF11C18301C00C8CE70 /* Resources */,
			);
			buildRules = (
			);
			dependencies = (
				0EBF0AF51C18301C00C8CE70 /* PBXTargetDependency */,
			);
			name = MyResumeTests;
			productName = MyResumeTests;
			productReference = 0EBF0AF31C18301C00C8CE70 /* MyResumeTests.xctest */;
			productType = "com.apple.product-type.bundle.unit-test";
		};
		0EBF0AFD1C18301D00C8CE70 /* MyResumeUITests */ = {
			isa = PBXNativeTarget;
			buildConfigurationList = 0EBF0B0D1C18301D00C8CE70 /* Build configuration list for PBXNativeTarget "MyResumeUITests" */;
			buildPhases = (
				0EBF0AFA1C18301D00C8CE70 /* Sources */,
				0EBF0AFB1C18301D00C8CE70 /* Frameworks */,
				0EBF0AFC1C18301D00C8CE70 /* Resources */,
			);
			buildRules = (
			);
			dependencies = (
				0EBF0B001C18301D00C8CE70 /* PBXTargetDependency */,
			);
			name = MyResumeUITests;
			productName = MyResumeUITests;
			productReference = 0EBF0AFE1C18301D00C8CE70 /* MyResumeUITests.xctest */;
			productType = "com.apple.product-type.bundle.ui-testing";
		};
/* End PBXNativeTarget section */

/* Begin PBXProject section */
		0EBF0AD21C18301C00C8CE70 /* Project object */ = {
			isa = PBXProject;
			attributes = {
				LastUpgradeCheck = 0710;
				ORGANIZATIONNAME = pi;
				TargetAttributes = {
					0EBF0AD91C18301C00C8CE70 = {
						CreatedOnToolsVersion = 7.1.1;
						DevelopmentTeam = NK43D9F8MS;
					};
					0EBF0AF21C18301C00C8CE70 = {
						CreatedOnToolsVersion = 7.1.1;
						DevelopmentTeam = NK43D9F8MS;
						TestTargetID = 0EBF0AD91C18301C00C8CE70;
					};
					0EBF0AFD1C18301D00C8CE70 = {
						CreatedOnToolsVersion = 7.1.1;
						DevelopmentTeam = NK43D9F8MS;
						TestTargetID = 0EBF0AD91C18301C00C8CE70;
					};
				};
			};
			buildConfigurationList = 0EBF0AD51C18301C00C8CE70 /* Build configuration list for PBXProject "MyResume" */;
			compatibilityVersion = "Xcode 3.2";
			developmentRegion = English;
			hasScannedForEncodings = 0;
			knownRegions = (
				en,
				Base,
			);
			mainGroup = 0EBF0AD11C18301C00C8CE70;
			productRefGroup = 0EBF0ADB1C18301C00C8CE70 /* Products */;
			projectDirPath = "";
			projectRoot = "";
			targets = (
				0EBF0AD91C18301C00C8CE70 /* MyResume */,
				0EBF0AF21C18301C00C8CE70 /* MyResumeTests */,
				0EBF0AFD1C18301D00C8CE70 /* MyResumeUITests */,
			);
		};
/* End PBXProject section */

/* Begin PBXResourcesBuildPhase section */
		0EBF0AD81C18301C00C8CE70 /* Resources */ = {
			isa = PBXResourcesBuildPhase;
			buildActionMask = 2147483647;
			files = (
				0E6D7E251C1B285100A5F43D /* timeLine.plist in Resources */,
				0E35A62F1C1C7760003921A0 /* FontAwesome.otf in Resources */,
				0E22780B1C245698003E3547 /* SVProgressHUD.bundle in Resources */,
				0E35A6301C1C7760003921A0 /* foundation-icons.ttf in Resources */,
				0E35A5FB1C1C6A15003921A0 /* FontAwesome.ttf in Resources */,
				0EBF0AED1C18301C00C8CE70 /* LaunchScreen.storyboard in Resources */,
				0E35A6341C1C7760003921A0 /* zocial-regular-webfont.ttf in Resources */,
				0EBF0AEA1C18301C00C8CE70 /* Assets.xcassets in Resources */,
				0E22780F1C24579D003E3547 /* prize.plist in Resources */,
				0E6D7E571C1B2EA100A5F43D /* skills.plist in Resources */,
				0E6D7E3F1C1B2D6600A5F43D /* TimeLine.storyboard in Resources */,
				0E136B6B1C19EC660070C958 /* ColorCollectionCell.xib in Resources */,
				0E35A6331C1C7760003921A0 /* octicons.ttf in Resources */,
				0EBF0AE81C18301C00C8CE70 /* Main.storyboard in Resources */,
				0E6D7E561C1B2EA100A5F43D /* SkillReveal.storyboard in Resources */,
				0E35A6311C1C7760003921A0 /* ionicons.ttf in Resources */,
				0E35A6321C1C7760003921A0 /* Material-Design-Iconic-Font.ttf in Resources */,
			);
			runOnlyForDeploymentPostprocessing = 0;
		};
		0EBF0AF11C18301C00C8CE70 /* Resources */ = {
			isa = PBXResourcesBuildPhase;
			buildActionMask = 2147483647;
			files = (
			);
			runOnlyForDeploymentPostprocessing = 0;
		};
		0EBF0AFC1C18301D00C8CE70 /* Resources */ = {
			isa = PBXResourcesBuildPhase;
			buildActionMask = 2147483647;
			files = (
			);
			runOnlyForDeploymentPostprocessing = 0;
		};
/* End PBXResourcesBuildPhase section */

/* Begin PBXSourcesBuildPhase section */
		0EBF0AD61C18301C00C8CE70 /* Sources */ = {
			isa = PBXSourcesBuildPhase;
			buildActionMask = 2147483647;
			files = (
				0EBF0B231C1830D500C8CE70 /* UIImage+ImageEffects.m in Sources */,
				0E35A60C1C1C71FA003921A0 /* HandWrittingViewController.m in Sources */,
				0E136B6D1C19EC660070C958 /* SwipableCardCollectionLayout.m in Sources */,
				0EA7A3231C1D812700829442 /* UILabel+Chameleon.m in Sources */,
				0E6D7E521C1B2EA100A5F43D /* ProgressLabel.m in Sources */,
				0E6D7E511C1B2EA100A5F43D /* MagicAnimator.m in Sources */,
				0EA7A31D1C1D812700829442 /* NSArray+Chameleon.m in Sources */,
				0E91F3411C2155010069E4E6 /* TTTAttributedLabel.m in Sources */,
				0EA7A3221C1D812700829442 /* UIImage+ChameleonPrivate.m in Sources */,
				0E22780D1C245698003E3547 /* SVRadialGradientLayer.m in Sources */,
				0E35A62E1C1C7760003921A0 /* FAKZocial.m in Sources */,
				0E22780C1C245698003E3547 /* SVProgressHUD.m in Sources */,
				0E6D7E221C1B285100A5F43D /* AutoShowScrollToTopImg.m in Sources */,
				0E22780A1C245698003E3547 /* SVIndefiniteAnimatedView.m in Sources */,
				0E136B691C19EC660070C958 /* CollectionCardViewController.m in Sources */,
				0E6D7E241C1B285100A5F43D /* Experience.m in Sources */,
				0E35A6291C1C7760003921A0 /* FAKFoundationIcons.m in Sources */,
				0E6D7E281C1B285100A5F43D /* TimeLineViewController.m in Sources */,
				0E6D7E531C1B2EA100A5F43D /* Skill.m in Sources */,
				0E35A6111C1C723C003921A0 /* MainViewController.m in Sources */,
				0E35A6281C1C7760003921A0 /* FAKFontAwesome.m in Sources */,
				0E6D7E581C1B2EA100A5F43D /* SkillsViewController.m in Sources */,
				0E35A60D1C1C71FA003921A0 /* MagicTransitionSegue.m in Sources */,
				0E6D7E231C1B285100A5F43D /* DateFormatter.m in Sources */,
				0E136B6A1C19EC660070C958 /* ColorCollectionCell.m in Sources */,
				0EA7A31B1C1D812700829442 /* Chameleon_.m in Sources */,
				0EA7A31C1C1D812700829442 /* ChameleonConstants.m in Sources */,
				0E6D7E3B1C1B297700A5F43D /* TimeLineHeaderCell.m in Sources */,
				0EBF0B221C1830D500C8CE70 /* TextPathHelper.m in Sources */,
				0E35A63B1C1C7CFC003921A0 /* FontAwsomeImageHelper.m in Sources */,
				0EA7A31F1C1D812700829442 /* UIButton+Chameleon.m in Sources */,
				0E136B6E1C19EC660070C958 /* UIColor+PiRandomColor.m in Sources */,
				0E35A62B1C1C7760003921A0 /* FAKIonIcons.m in Sources */,
				0E6D7E541C1B2EA100A5F43D /* SkillProgressView.m in Sources */,
				0EA7A3261C1D812700829442 /* UIViewController+Chameleon.m in Sources */,
				0E6D7E261C1B285100A5F43D /* TimeLineDotLineView.m in Sources */,
				0EBF0B251C1830D500C8CE70 /* AppDelegate.m in Sources */,
				0EA7A3211C1D812700829442 /* UIColor+ChameleonPrivate.m in Sources */,
				0E6D7E591C1B2EA100A5F43D /* SkillView.m in Sources */,
				0E35A6381C1C7878003921A0 /* AboutMeTableController.m in Sources */,
				0E6D7E271C1B285100A5F43D /* TimeLineTableViewCell.m in Sources */,
				0E6D7E551C1B2EA100A5F43D /* SkillProgressViewController.m in Sources */,
				0EA7A3251C1D812700829442 /* UIView+ChameleonPrivate.m in Sources */,
				0EA7A3201C1D812700829442 /* UIColor+Chameleon.m in Sources */,
				0E35A62D1C1C7760003921A0 /* FAKOcticons.m in Sources */,
				0EA7A31E1C1D812700829442 /* UIAppearance+Swift.m in Sources */,
				0E2BAF551C2971670030F731 /* Archivement.m in Sources */,
				0EBF0B261C1830D500C8CE70 /* main.m in Sources */,
				0EA7A3241C1D812700829442 /* UINavigationController+Chameleon.m in Sources */,
				0E35A62A1C1C7760003921A0 /* FAKIcon.m in Sources */,
				0E35A62C1C1C7760003921A0 /* FAKMaterialIcons.m in Sources */,
			);
			runOnlyForDeploymentPostprocessing = 0;
		};
		0EBF0AEF1C18301C00C8CE70 /* Sources */ = {
			isa = PBXSourcesBuildPhase;
			buildActionMask = 2147483647;
			files = (
				0EBF0AF81C18301C00C8CE70 /* MyResumeTests.m in Sources */,
			);
			runOnlyForDeploymentPostprocessing = 0;
		};
		0EBF0AFA1C18301D00C8CE70 /* Sources */ = {
			isa = PBXSourcesBuildPhase;
			buildActionMask = 2147483647;
			files = (
				0EBF0B031C18301D00C8CE70 /* MyResumeUITests.m in Sources */,
			);
			runOnlyForDeploymentPostprocessing = 0;
		};
/* End PBXSourcesBuildPhase section */

/* Begin PBXTargetDependency section */
		0EBF0AF51C18301C00C8CE70 /* PBXTargetDependency */ = {
			isa = PBXTargetDependency;
			target = 0EBF0AD91C18301C00C8CE70 /* MyResume */;
			targetProxy = 0EBF0AF41C18301C00C8CE70 /* PBXContainerItemProxy */;
		};
		0EBF0B001C18301D00C8CE70 /* PBXTargetDependency */ = {
			isa = PBXTargetDependency;
			target = 0EBF0AD91C18301C00C8CE70 /* MyResume */;
			targetProxy = 0EBF0AFF1C18301D00C8CE70 /* PBXContainerItemProxy */;
		};
/* End PBXTargetDependency section */

/* Begin PBXVariantGroup section */
		0EBF0AE61C18301C00C8CE70 /* Main.storyboard */ = {
			isa = PBXVariantGroup;
			children = (
				0EBF0AE71C18301C00C8CE70 /* Base */,
			);
			name = Main.storyboard;
			sourceTree = "<group>";
		};
		0EBF0AEB1C18301C00C8CE70 /* LaunchScreen.storyboard */ = {
			isa = PBXVariantGroup;
			children = (
				0EBF0AEC1C18301C00C8CE70 /* Base */,
			);
			name = LaunchScreen.storyboard;
			sourceTree = "<group>";
		};
/* End PBXVariantGroup section */

/* Begin XCBuildConfiguration section */
		0EBF0B051C18301D00C8CE70 /* Debug */ = {
			isa = XCBuildConfiguration;
			buildSettings = {
				ALWAYS_SEARCH_USER_PATHS = NO;
				CLANG_CXX_LANGUAGE_STANDARD = "gnu++0x";
				CLANG_CXX_LIBRARY = "libc++";
				CLANG_ENABLE_MODULES = YES;
				CLANG_ENABLE_OBJC_ARC = YES;
				CLANG_WARN_BOOL_CONVERSION = YES;
				CLANG_WARN_CONSTANT_CONVERSION = YES;
				CLANG_WARN_DIRECT_OBJC_ISA_USAGE = YES_ERROR;
				CLANG_WARN_EMPTY_BODY = YES;
				CLANG_WARN_ENUM_CONVERSION = YES;
				CLANG_WARN_INT_CONVERSION = YES;
				CLANG_WARN_OBJC_ROOT_CLASS = YES_ERROR;
				CLANG_WARN_UNREACHABLE_CODE = YES;
				CLANG_WARN__DUPLICATE_METHOD_MATCH = YES;
				"CODE_SIGN_IDENTITY[sdk=iphoneos*]" = "iPhone Developer";
				COPY_PHASE_STRIP = NO;
				DEBUG_INFORMATION_FORMAT = dwarf;
				ENABLE_STRICT_OBJC_MSGSEND = YES;
				ENABLE_TESTABILITY = YES;
				GCC_C_LANGUAGE_STANDARD = gnu99;
				GCC_DYNAMIC_NO_PIC = NO;
				GCC_NO_COMMON_BLOCKS = YES;
				GCC_OPTIMIZATION_LEVEL = 0;
				GCC_PREPROCESSOR_DEFINITIONS = (
					"DEBUG=1",
					"$(inherited)",
				);
				GCC_WARN_64_TO_32_BIT_CONVERSION = YES;
				GCC_WARN_ABOUT_RETURN_TYPE = YES_ERROR;
				GCC_WARN_UNDECLARED_SELECTOR = YES;
				GCC_WARN_UNINITIALIZED_AUTOS = YES_AGGRESSIVE;
				GCC_WARN_UNUSED_FUNCTION = YES;
				GCC_WARN_UNUSED_VARIABLE = YES;
				IPHONEOS_DEPLOYMENT_TARGET = 9.1;
				MTL_ENABLE_DEBUG_INFO = YES;
				ONLY_ACTIVE_ARCH = YES;
				SDKROOT = iphoneos;
				TARGETED_DEVICE_FAMILY = "1,2";
			};
			name = Debug;
		};
		0EBF0B061C18301D00C8CE70 /* Release */ = {
			isa = XCBuildConfiguration;
			buildSettings = {
				ALWAYS_SEARCH_USER_PATHS = NO;
				CLANG_CXX_LANGUAGE_STANDARD = "gnu++0x";
				CLANG_CXX_LIBRARY = "libc++";
				CLANG_ENABLE_MODULES = YES;
				CLANG_ENABLE_OBJC_ARC = YES;
				CLANG_WARN_BOOL_CONVERSION = YES;
				CLANG_WARN_CONSTANT_CONVERSION = YES;
				CLANG_WARN_DIRECT_OBJC_ISA_USAGE = YES_ERROR;
				CLANG_WARN_EMPTY_BODY = YES;
				CLANG_WARN_ENUM_CONVERSION = YES;
				CLANG_WARN_INT_CONVERSION = YES;
				CLANG_WARN_OBJC_ROOT_CLASS = YES_ERROR;
				CLANG_WARN_UNREACHABLE_CODE = YES;
				CLANG_WARN__DUPLICATE_METHOD_MATCH = YES;
				"CODE_SIGN_IDENTITY[sdk=iphoneos*]" = "iPhone Developer";
				COPY_PHASE_STRIP = NO;
				DEBUG_INFORMATION_FORMAT = "dwarf-with-dsym";
				ENABLE_NS_ASSERTIONS = NO;
				ENABLE_STRICT_OBJC_MSGSEND = YES;
				GCC_C_LANGUAGE_STANDARD = gnu99;
				GCC_NO_COMMON_BLOCKS = YES;
				GCC_WARN_64_TO_32_BIT_CONVERSION = YES;
				GCC_WARN_ABOUT_RETURN_TYPE = YES_ERROR;
				GCC_WARN_UNDECLARED_SELECTOR = YES;
				GCC_WARN_UNINITIALIZED_AUTOS = YES_AGGRESSIVE;
				GCC_WARN_UNUSED_FUNCTION = YES;
				GCC_WARN_UNUSED_VARIABLE = YES;
				IPHONEOS_DEPLOYMENT_TARGET = 9.1;
				MTL_ENABLE_DEBUG_INFO = NO;
				SDKROOT = iphoneos;
				TARGETED_DEVICE_FAMILY = "1,2";
				VALIDATE_PRODUCT = YES;
			};
			name = Release;
		};
		0EBF0B081C18301D00C8CE70 /* Debug */ = {
			isa = XCBuildConfiguration;
			buildSettings = {
				ASSETCATALOG_COMPILER_APPICON_NAME = AppIcon;
				INFOPLIST_FILE = MyResume/Info.plist;
				IPHONEOS_DEPLOYMENT_TARGET = 9.0;
				LD_RUNPATH_SEARCH_PATHS = "$(inherited) @executable_path/Frameworks";
				PRODUCT_BUNDLE_IDENTIFIER = BigPi.MyResume;
				PRODUCT_NAME = "$(TARGET_NAME)";
				TARGETED_DEVICE_FAMILY = 2;
			};
			name = Debug;
		};
		0EBF0B091C18301D00C8CE70 /* Release */ = {
			isa = XCBuildConfiguration;
			buildSettings = {
				ASSETCATALOG_COMPILER_APPICON_NAME = AppIcon;
				INFOPLIST_FILE = MyResume/Info.plist;
				IPHONEOS_DEPLOYMENT_TARGET = 9.0;
				LD_RUNPATH_SEARCH_PATHS = "$(inherited) @executable_path/Frameworks";
				PRODUCT_BUNDLE_IDENTIFIER = BigPi.MyResume;
				PRODUCT_NAME = "$(TARGET_NAME)";
				TARGETED_DEVICE_FAMILY = 2;
			};
			name = Release;
		};
		0EBF0B0B1C18301D00C8CE70 /* Debug */ = {
			isa = XCBuildConfiguration;
			buildSettings = {
				BUNDLE_LOADER = "$(TEST_HOST)";
				INFOPLIST_FILE = MyResumeTests/Info.plist;
				LD_RUNPATH_SEARCH_PATHS = "$(inherited) @executable_path/Frameworks @loader_path/Frameworks";
				PRODUCT_BUNDLE_IDENTIFIER = BigPi.MyResumeTests;
				PRODUCT_NAME = "$(TARGET_NAME)";
				TEST_HOST = "$(BUILT_PRODUCTS_DIR)/MyResume.app/MyResume";
			};
			name = Debug;
		};
		0EBF0B0C1C18301D00C8CE70 /* Release */ = {
			isa = XCBuildConfiguration;
			buildSettings = {
				BUNDLE_LOADER = "$(TEST_HOST)";
				INFOPLIST_FILE = MyResumeTests/Info.plist;
				LD_RUNPATH_SEARCH_PATHS = "$(inherited) @executable_path/Frameworks @loader_path/Frameworks";
				PRODUCT_BUNDLE_IDENTIFIER = BigPi.MyResumeTests;
				PRODUCT_NAME = "$(TARGET_NAME)";
				TEST_HOST = "$(BUILT_PRODUCTS_DIR)/MyResume.app/MyResume";
			};
			name = Release;
		};
		0EBF0B0E1C18301D00C8CE70 /* Debug */ = {
			isa = XCBuildConfiguration;
			buildSettings = {
				INFOPLIST_FILE = MyResumeUITests/Info.plist;
				LD_RUNPATH_SEARCH_PATHS = "$(inherited) @executable_path/Frameworks @loader_path/Frameworks";
				PRODUCT_BUNDLE_IDENTIFIER = BigPi.MyResumeUITests;
				PRODUCT_NAME = "$(TARGET_NAME)";
				TEST_TARGET_NAME = MyResume;
				USES_XCTRUNNER = YES;
			};
			name = Debug;
		};
		0EBF0B0F1C18301D00C8CE70 /* Release */ = {
			isa = XCBuildConfiguration;
			buildSettings = {
				INFOPLIST_FILE = MyResumeUITests/Info.plist;
				LD_RUNPATH_SEARCH_PATHS = "$(inherited) @executable_path/Frameworks @loader_path/Frameworks";
				PRODUCT_BUNDLE_IDENTIFIER = BigPi.MyResumeUITests;
				PRODUCT_NAME = "$(TARGET_NAME)";
				TEST_TARGET_NAME = MyResume;
				USES_XCTRUNNER = YES;
			};
			name = Release;
		};
/* End XCBuildConfiguration section */

/* Begin XCConfigurationList section */
		0EBF0AD51C18301C00C8CE70 /* Build configuration list for PBXProject "MyResume" */ = {
			isa = XCConfigurationList;
			buildConfigurations = (
				0EBF0B051C18301D00C8CE70 /* Debug */,
				0EBF0B061C18301D00C8CE70 /* Release */,
			);
			defaultConfigurationIsVisible = 0;
			defaultConfigurationName = Release;
		};
		0EBF0B071C18301D00C8CE70 /* Build configuration list for PBXNativeTarget "MyResume" */ = {
			isa = XCConfigurationList;
			buildConfigurations = (
				0EBF0B081C18301D00C8CE70 /* Debug */,
				0EBF0B091C18301D00C8CE70 /* Release */,
			);
			defaultConfigurationIsVisible = 0;
			defaultConfigurationName = Release;
		};
		0EBF0B0A1C18301D00C8CE70 /* Build configuration list for PBXNativeTarget "MyResumeTests" */ = {
			isa = XCConfigurationList;
			buildConfigurations = (
				0EBF0B0B1C18301D00C8CE70 /* Debug */,
				0EBF0B0C1C18301D00C8CE70 /* Release */,
			);
			defaultConfigurationIsVisible = 0;
			defaultConfigurationName = Release;
		};
		0EBF0B0D1C18301D00C8CE70 /* Build configuration list for PBXNativeTarget "MyResumeUITests" */ = {
			isa = XCConfigurationList;
			buildConfigurations = (
				0EBF0B0E1C18301D00C8CE70 /* Debug */,
				0EBF0B0F1C18301D00C8CE70 /* Release */,
			);
			defaultConfigurationIsVisible = 0;
			defaultConfigurationName = Release;
		};
/* End XCConfigurationList section */
	};
	rootObject = 0EBF0AD21C18301C00C8CE70 /* Project object */;
}
